{
  "name": "ai-cost-cli",
  "version": "1.0.0",
  "lockfileVersion": 3,
  "requires": true,
  "packages": {
    "": {
      "name": "ai-cost-cli",
      "version": "1.0.0",
      "license": "MIT",
      "dependencies": {
        "chalk": "^4.1.2",
        "cli-table3": "^0.6.5",
        "commander": "^12.1.0",
        "inquirer": "^8.2.6",
        "ora": "^5.4.1",
        "posthog-node": "^5.28.0"
      },
      "bin": {
        "ai-cost": "dist/index.js",
        "ai-cost-cli": "dist/index.js"
      },
      "devDependencies": {
        "@types/inquirer": "^8.2.10",
        "@types/node": "^22.0.0",
        "typescript": "^5.7.0"
      },
      "engines": {
        "node": ">=16.0.0"
      }
    },
    "../../node_modules/.pnpm/@types+inquirer@8.2.12/node_modules/@types/inquirer": {
      "version": "8.2.12",
      "dev": true,
      "license": "MIT",
      "dependencies": {
        "@types/through": "*",
        "rxjs": "^7.2.0"
      }
    },
    "../../node_modules/.pnpm/@types+node@22.19.15/node_modules/@types/node": {
      "version": "22.19.15",
      "dev": true,
      "license": "MIT",
      "dependencies": {
        "undici-types": "~6.21.0"
      }
    },
    "../../node_modules/.pnpm/chalk@4.1.2/node_modules/chalk": {
      "version": "4.1.2",
      "license": "MIT",
      "dependencies": {
        "ansi-styles": "^4.1.0",
        "supports-color": "^7.1.0"
      },
      "devDependencies": {
        "ava": "^2.4.0",
        "coveralls": "^3.0.7",
        "execa": "^4.0.0",
        "import-fresh": "^3.1.0",
        "matcha": "^0.7.0",
        "nyc": "^15.0.0",
        "resolve-from": "^5.0.0",
        "tsd": "^0.7.4",
        "xo": "^0.28.2"
      },
      "engines": {
        "node": ">=10"
      },
      "funding": {
        "url": "https://github.com/chalk/chalk?sponsor=1"
      }
    },
    "../../node_modules/.pnpm/cli-table3@0.6.5/node_modules/cli-table3": {
      "version": "0.6.5",
      "license": "MIT",
      "dependencies": {
        "string-width": "^4.2.0"
      },
      "devDependencies": {
        "cli-table": "^0.3.1",
        "eslint": "^6.0.0",
        "eslint-config-prettier": "^6.0.0",
        "eslint-plugin-prettier": "^3.0.0",
        "jest": "^25.2.4",
        "jest-runner-eslint": "^0.7.0",
        "lerna-changelog": "^1.0.1",
        "prettier": "2.3.2"
      },
      "engines": {
        "node": "10.* || >= 12.*"
      },
      "optionalDependencies": {
        "@colors/colors": "1.5.0"
      }
    },
    "../../node_modules/.pnpm/commander@12.1.0/node_modules/commander": {
      "version": "12.1.0",
      "license": "MIT",
      "devDependencies": {
        "@eslint/js": "^8.56.0",
        "@types/jest": "^29.2.4",
        "@types/node": "^20.2.5",
        "eslint": "^8.30.0",
        "eslint-config-prettier": "^9.1.0",
        "eslint-plugin-jest": "^28.3.0",
        "eslint-plugin-jsdoc": "^48.1.0",
        "globals": "^13.24.0",
        "jest": "^29.3.1",
        "prettier": "^3.2.5",
        "prettier-plugin-jsdoc": "^1.3.0",
        "ts-jest": "^29.0.3",
        "tsd": "^0.31.0",
        "typescript": "^5.0.4",
        "typescript-eslint": "^7.0.1"
      },
      "engines": {
        "node": ">=18"
      }
    },
    "../../node_modules/.pnpm/inquirer@8.2.6/node_modules/inquirer": {
      "version": "8.2.6",
      "license": "MIT",
      "dependencies": {
        "ansi-escapes": "^4.2.1",
        "chalk": "^4.1.1",
        "cli-cursor": "^3.1.0",
        "cli-width": "^3.0.0",
        "external-editor": "^3.0.3",
        "figures": "^3.0.0",
        "lodash": "^4.17.21",
        "mute-stream": "0.0.8",
        "ora": "^5.4.1",
        "run-async": "^2.4.0",
        "rxjs": "^7.5.5",
        "string-width": "^4.1.0",
        "strip-ansi": "^6.0.0",
        "through": "^2.3.6",
        "wrap-ansi": "^6.0.1"
      },
      "devDependencies": {
        "chai": "^4.3.6",
        "chai-string": "^1.5.0",
        "chalk-pipe": "^5.1.1",
        "cmdify": "^0.0.4",
        "mocha": "^9.2.2",
        "mockery": "^2.1.0",
        "nyc": "^15.0.0",
        "sinon": "^13.0.2",
        "terminal-link": "^2.1.1"
      },
      "engines": {
        "node": ">=12.0.0"
      }
    },
    "../../node_modules/.pnpm/ora@5.4.1/node_modules/ora": {
      "version": "5.4.1",
      "license": "MIT",
      "dependencies": {
        "bl": "^4.1.0",
        "chalk": "^4.1.0",
        "cli-cursor": "^3.1.0",
        "cli-spinners": "^2.5.0",
        "is-interactive": "^1.0.0",
        "is-unicode-supported": "^0.1.0",
        "log-symbols": "^4.1.0",
        "strip-ansi": "^6.0.0",
        "wcwidth": "^1.0.1"
      },
      "devDependencies": {
        "@types/node": "^14.14.35",
        "ava": "^2.4.0",
        "get-stream": "^6.0.0",
        "tsd": "^0.14.0",
        "xo": "^0.38.2"
      },
      "engines": {
        "node": ">=10"
      },
      "funding": {
        "url": "https://github.com/sponsors/sindresorhus"
      }
    },
    "../../node_modules/.pnpm/posthog-node@5.28.0_rxjs@7.8.2/node_modules/posthog-node": {
      "version": "5.28.0",
      "license": "MIT",
      "dependencies": {
        "@posthog/core": "1.23.2"
      },
      "devDependencies": {
        "@posthog-tooling/tsconfig-base": "1.1.1",
        "@rslib/core": "0.10.6",
        "@types/express": "^5.0.5",
        "@types/jest": "^29.5.14",
        "@types/node": "^20.0.0",
        "jest": "29.7.0",
        "rxjs": "^7.8.0"
      },
      "engines": {
        "node": "^20.20.0 || >=22.22.0"
      },
      "peerDependencies": {
        "rxjs": "^7.0.0"
      },
      "peerDependenciesMeta": {
        "rxjs": {
          "optional": true
        }
      }
    },
    "../../node_modules/.pnpm/typescript@5.9.3/node_modules/typescript": {
      "version": "5.9.3",
      "dev": true,
      "license": "Apache-2.0",
      "bin": {
        "tsc": "bin/tsc",
        "tsserver": "bin/tsserver"
      },
      "devDependencies": {
        "@dprint/formatter": "^0.4.1",
        "@dprint/typescript": "0.93.4",
        "@esfx/canceltoken": "^1.0.0",
        "@eslint/js": "^9.20.0",
        "@octokit/rest": "^21.1.1",
        "@types/chai": "^4.3.20",
        "@types/diff": "^7.0.1",
        "@types/minimist": "^1.2.5",
        "@types/mocha": "^10.0.10",
        "@types/ms": "^0.7.34",
        "@types/node": "latest",
        "@types/source-map-support": "^0.5.10",
        "@types/which": "^3.0.4",
        "@typescript-eslint/rule-tester": "^8.24.1",
        "@typescript-eslint/type-utils": "^8.24.1",
        "@typescript-eslint/utils": "^8.24.1",
        "azure-devops-node-api": "^14.1.0",
        "c8": "^10.1.3",
        "chai": "^4.5.0",
        "chokidar": "^4.0.3",
        "diff": "^7.0.0",
        "dprint": "^0.49.0",
        "esbuild": "^0.25.0",
        "eslint": "^9.20.1",
        "eslint-formatter-autolinkable-stylish": "^1.4.0",
        "eslint-plugin-regexp": "^2.7.0",
        "fast-xml-parser": "^4.5.2",
        "glob": "^10.4.5",
        "globals": "^15.15.0",
        "hereby": "^1.10.0",
        "jsonc-parser": "^3.3.1",
        "knip": "^5.44.4",
        "minimist": "^1.2.8",
        "mocha": "^10.8.2",
        "mocha-fivemat-progress-reporter": "^0.1.0",
        "monocart-coverage-reports": "^2.12.1",
        "ms": "^2.1.3",
        "picocolors": "^1.1.1",
        "playwright": "^1.50.1",
        "source-map-support": "^0.5.21",
        "tslib": "^2.8.1",
        "typescript": "^5.7.3",
        "typescript-eslint": "^8.24.1",
        "which": "^3.0.1"
      },
      "engines": {
        "node": ">=14.17"
      }
    },
    "node_modules/@types/inquirer": {
      "resolved": "../../node_modules/.pnpm/@types+inquirer@8.2.12/node_modules/@types/inquirer",
      "link": true
    },
    "node_modules/@types/node": {
      "resolved": "../../node_modules/.pnpm/@types+node@22.19.15/node_modules/@types/node",
      "link": true
    },
    "node_modules/chalk": {
      "resolved": "../../node_modules/.pnpm/chalk@4.1.2/node_modules/chalk",
      "link": true
    },
    "node_modules/cli-table3": {
      "resolved": "../../node_modules/.pnpm/cli-table3@0.6.5/node_modules/cli-table3",
      "link": true
    },
    "node_modules/commander": {
      "resolved": "../../node_modules/.pnpm/commander@12.1.0/node_modules/commander",
      "link": true
    },
    "node_modules/inquirer": {
      "resolved": "../../node_modules/.pnpm/inquirer@8.2.6/node_modules/inquirer",
      "link": true
    },
    "node_modules/ora": {
      "resolved": "../../node_modules/.pnpm/ora@5.4.1/node_modules/ora",
      "link": true
    },
    "node_modules/posthog-node": {
      "resolved": "../../node_modules/.pnpm/posthog-node@5.28.0_rxjs@7.8.2/node_modules/posthog-node",
      "link": true
    },
    "node_modules/typescript": {
      "resolved": "../../node_modules/.pnpm/typescript@5.9.3/node_modules/typescript",
      "link": true
    }
  }
}
